
Microsoft Visual Studio Solution File, Format Version 12.00
# Visual Studio Version 16
VisualStudioVersion = 16.0.31624.102
MinimumVisualStudioVersion = 10.0.40219.1
Project("{FAE04EC0-301F-11D3-BF4B-00C04F79EFBC}") = "Pratice4Arithmatic", "Pratice4Arithmatic\Pratice4Arithmatic.csproj", "{589B4C78-3F45-4288-B5E6-CDC85B91F10A}"
EndProject
Global
	GlobalSection(SolutionConfigurationPlatforms) = preSolution
		Debug|Any CPU = Debug|Any CPU
		Release|Any CPU = Release|Any CPU
	EndGlobalSection
	GlobalSection(ProjectConfigurationPlatforms) = postSolution
		{589B4C78-3F45-4288-B5E6-CDC85B91F10A}.Debug|Any CPU.ActiveCfg = Debug|Any CPU
		{589B4C78-3F45-4288-B5E6-CDC85B91F10A}.Debug|Any CPU.Build.0 = Debug|Any CPU
		{589B4C78-3F45-4288-B5E6-CDC85B91F10A}.Release|Any CPU.ActiveCfg = Release|Any CPU
		{589B4C78-3F45-4288-B5E6-CDC85B91F10A}.Release|Any CPU.Build.0 = Release|Any CPU
	EndGlobalSection
	GlobalSection(SolutionProperties) = preSolution
		HideSolutionNode = FALSE
	EndGlobalSection
	GlobalSection(ExtensibilityGlobals) = postSolution
		SolutionGuid = {439B3FA6-C9E1-42D6-81D0-3E4CDEFF2AB5}
	EndGlobalSection
EndGlobal
